
Microsoft Visual Studio Solution File, Format Version 12.00
# Visual Studio Version 17
VisualStudioVersion = 17.6.33801.468
MinimumVisualStudioVersion = 10.0.40219.1
Project("{FAE04EC0-301F-11D3-BF4B-00C04F79EFBC}") = "EhsUserWebApi", "EhsUserWebApi\EhsUserWebApi.csproj", "{8714335D-17CF-49F1-BA04-032AA9CBDCDE}"
EndProject
Global
	GlobalSection(SolutionConfigurationPlatforms) = preSolution
		Debug|Any CPU = Debug|Any CPU
		Release|Any CPU = Release|Any CPU
	EndGlobalSection
	GlobalSection(ProjectConfigurationPlatforms) = postSolution
		{8714335D-17CF-49F1-BA04-032AA9CBDCDE}.Debug|Any CPU.ActiveCfg = Debug|Any CPU
		{8714335D-17CF-49F1-BA04-032AA9CBDCDE}.Debug|Any CPU.Build.0 = Debug|Any CPU
		{8714335D-17CF-49F1-BA04-032AA9CBDCDE}.Release|Any CPU.ActiveCfg = Release|Any CPU
		{8714335D-17CF-49F1-BA04-032AA9CBDCDE}.Release|Any CPU.Build.0 = Release|Any CPU
	EndGlobalSection
	GlobalSection(SolutionProperties) = preSolution
		HideSolutionNode = FALSE
	EndGlobalSection
	GlobalSection(ExtensibilityGlobals) = postSolution
		SolutionGuid = {4B728F87-0CEF-4DD7-B0FD-B9A0C3EDAD36}
	EndGlobalSection
EndGlobal
